
Microsoft Visual Studio Solution File, Format Version 12.00
# Visual Studio Version 17
VisualStudioVersion = 17.3.32929.385
MinimumVisualStudioVersion = 10.0.40219.1
Project("{9A19103F-16F7-4668-BE54-9A1E7A4F7556}") = "Amrida.Notery.Application.Wpf", "Application\Amrida.Notery.Application.Wpf\Amrida.Notery.Application.Wpf.csproj", "{C522D1F9-4C6B-4A61-9030-72CCA5CBC722}"
EndProject
Project("{2150E333-8FDC-42A3-9474-1A3956D46DE8}") = "Application", "Application", "{A07CD9C0-B10A-435B-9CE7-CE7E616ED1F3}"
EndProject
Project("{2150E333-8FDC-42A3-9474-1A3956D46DE8}") = "Presentation", "Presentation", "{3168E397-0F0F-47BE-A3EE-E62BCF54DE8A}"
EndProject
Global
	GlobalSection(SolutionConfigurationPlatforms) = preSolution
		Debug|Any CPU = Debug|Any CPU
		Release|Any CPU = Release|Any CPU
	EndGlobalSection
	GlobalSection(ProjectConfigurationPlatforms) = postSolution
		{C522D1F9-4C6B-4A61-9030-72CCA5CBC722}.Debug|Any CPU.ActiveCfg = Debug|Any CPU
		{C522D1F9-4C6B-4A61-9030-72CCA5CBC722}.Debug|Any CPU.Build.0 = Debug|Any CPU
		{C522D1F9-4C6B-4A61-9030-72CCA5CBC722}.Release|Any CPU.ActiveCfg = Release|Any CPU
		{C522D1F9-4C6B-4A61-9030-72CCA5CBC722}.Release|Any CPU.Build.0 = Release|Any CPU
	EndGlobalSection
	GlobalSection(SolutionProperties) = preSolution
		HideSolutionNode = FALSE
	EndGlobalSection
	GlobalSection(NestedProjects) = preSolution
		{C522D1F9-4C6B-4A61-9030-72CCA5CBC722} = {A07CD9C0-B10A-435B-9CE7-CE7E616ED1F3}
	EndGlobalSection
	GlobalSection(ExtensibilityGlobals) = postSolution
		SolutionGuid = {E57E3C08-71D3-47F1-9006-79D4EEE1EDF2}
	EndGlobalSection
EndGlobal
