
Microsoft Visual Studio Solution File, Format Version 12.00
# Visual Studio Version 17
VisualStudioVersion = 17.3.32929.385
MinimumVisualStudioVersion = 10.0.40219.1
Project("{9A19103F-16F7-4668-BE54-9A1E7A4F7556}") = "Amrida.Notery.Application.Wpf", "Application\Amrida.Notery.Application.Wpf\Amrida.Notery.Application.Wpf.csproj", "{C522D1F9-4C6B-4A61-9030-72CCA5CBC722}"
EndProject
Project("{2150E333-8FDC-42A3-9474-1A3956D46DE8}") = "Application", "Application", "{A07CD9C0-B10A-435B-9CE7-CE7E616ED1F3}"
EndProject
Project("{2150E333-8FDC-42A3-9474-1A3956D46DE8}") = "Presentation", "Presentation", "{3168E397-0F0F-47BE-A3EE-E62BCF54DE8A}"
EndProject
Project("{2150E333-8FDC-42A3-9474-1A3956D46DE8}") = "Common", "Common", "{286F2493-4888-497A-8182-CB4A4933D418}"
EndProject
Project("{9A19103F-16F7-4668-BE54-9A1E7A4F7556}") = "Armida.Notery.Common", "Common\Armida.Notery.Common\Armida.Notery.Common.csproj", "{4509E562-E65F-4733-9DF3-F10FD4F52E3F}"
EndProject
Project("{2150E333-8FDC-42A3-9474-1A3956D46DE8}") = "Utilities", "Utilities", "{296BB08C-B699-4368-AE56-06224B9C57DE}"
EndProject
Project("{2150E333-8FDC-42A3-9474-1A3956D46DE8}") = "Web", "Web", "{9E24B912-9871-4171-BFB9-AF3934104D9A}"
EndProject
Project("{9A19103F-16F7-4668-BE54-9A1E7A4F7556}") = "API", "Utilities\Web\API\API.csproj", "{171CEFBA-8E11-4588-BAB4-33F7435B5B81}"
EndProject
Project("{2150E333-8FDC-42A3-9474-1A3956D46DE8}") = "Data", "Data", "{1FCB5362-6489-463F-8A55-8AC9A86537CE}"
EndProject
Project("{2150E333-8FDC-42A3-9474-1A3956D46DE8}") = "EF", "EF", "{C66CF104-DAD0-4D90-8A4C-A8AC0FE9DB2C}"
EndProject
Project("{9A19103F-16F7-4668-BE54-9A1E7A4F7556}") = "Armida.Notery.Data.EF", "Data\EF\Armida.Notery.Data.EF\Armida.Notery.Data.EF.csproj", "{C1644BCB-A0C1-411C-B882-D708BF33ECA1}"
EndProject
Project("{9A19103F-16F7-4668-BE54-9A1E7A4F7556}") = "Armida.Notery.Data.EF.PostgreSQL", "Data\EF\Armida.Notery.Data.EF.PostgreSQL\Armida.Notery.Data.EF.PostgreSQL.csproj", "{FD9CE9BC-1350-4D19-A9AC-FCFBFA1A9050}"
EndProject
Project("{9A19103F-16F7-4668-BE54-9A1E7A4F7556}") = "Armida.Notery.Application.Core", "Application\Armida.Notery.Application.Core\Armida.Notery.Application.Core.csproj", "{163F9AA2-8EF7-4A01-B58A-4FD07708C4C5}"
EndProject
Project("{9A19103F-16F7-4668-BE54-9A1E7A4F7556}") = "Amrida.Notery.Presentation.Core", "Presentation\Amrida.Notery.Presentation.Core\Amrida.Notery.Presentation.Core.csproj", "{56B26DB5-1A98-43E5-835C-1F8541EEF383}"
EndProject
Project("{2150E333-8FDC-42A3-9474-1A3956D46DE8}") = "Identity", "Identity", "{B8F02560-2D75-453D-B956-409E8B6B3ACC}"
EndProject
Project("{9A19103F-16F7-4668-BE54-9A1E7A4F7556}") = "Amrida.Notery.Identity", "Identity\Amrida.Notery.Identity\Amrida.Notery.Identity.csproj", "{08169F0D-AB2F-4195-A37D-304844227327}"
EndProject
Project("{2150E333-8FDC-42A3-9474-1A3956D46DE8}") = "Data", "Data", "{308A80C7-4D23-4011-9D28-A71ABDA1A7F1}"
EndProject
Project("{2150E333-8FDC-42A3-9474-1A3956D46DE8}") = "EF", "EF", "{7E90E735-D89C-4E12-9CA9-70E7D4B76FD3}"
EndProject
Project("{9A19103F-16F7-4668-BE54-9A1E7A4F7556}") = "Amrida.Notery.Identity.Data.EF", "Identity\Data\EF\Amrida.Notery.Identity.Data.EF\Amrida.Notery.Identity.Data.EF.csproj", "{E24C46CA-17F2-4D2D-A3F6-6EEA3DFD95C1}"
EndProject
Project("{9A19103F-16F7-4668-BE54-9A1E7A4F7556}") = "Amrida.Notery.Identity.Data.EF.PostgreSQL", "Identity\Data\EF\Amrida.Notery.Identity.Data.EF.PostgreSQL\Amrida.Notery.Identity.Data.EF.PostgreSQL.csproj", "{3C2748CF-0CB4-4162-AAB3-397135955DFF}"
EndProject
Project("{2150E333-8FDC-42A3-9474-1A3956D46DE8}") = "Core", "Core", "{5CCFA1A6-C89C-4505-821F-16CE8292885C}"
EndProject
Project("{FAE04EC0-301F-11D3-BF4B-00C04F79EFBC}") = "Amrida.Notery.Identity.Core", "Identity\Core\Amrida.Notery.Identity.Core\Amrida.Notery.Identity.Core.csproj", "{C7843393-4FC1-455C-8E2D-6E484FD2E26B}"
EndProject
Global
	GlobalSection(SolutionConfigurationPlatforms) = preSolution
		Debug|Any CPU = Debug|Any CPU
		Release|Any CPU = Release|Any CPU
	EndGlobalSection
	GlobalSection(ProjectConfigurationPlatforms) = postSolution
		{C522D1F9-4C6B-4A61-9030-72CCA5CBC722}.Debug|Any CPU.ActiveCfg = Debug|Any CPU
		{C522D1F9-4C6B-4A61-9030-72CCA5CBC722}.Debug|Any CPU.Build.0 = Debug|Any CPU
		{C522D1F9-4C6B-4A61-9030-72CCA5CBC722}.Release|Any CPU.ActiveCfg = Release|Any CPU
		{C522D1F9-4C6B-4A61-9030-72CCA5CBC722}.Release|Any CPU.Build.0 = Release|Any CPU
		{4509E562-E65F-4733-9DF3-F10FD4F52E3F}.Debug|Any CPU.ActiveCfg = Debug|Any CPU
		{4509E562-E65F-4733-9DF3-F10FD4F52E3F}.Debug|Any CPU.Build.0 = Debug|Any CPU
		{4509E562-E65F-4733-9DF3-F10FD4F52E3F}.Release|Any CPU.ActiveCfg = Release|Any CPU
		{4509E562-E65F-4733-9DF3-F10FD4F52E3F}.Release|Any CPU.Build.0 = Release|Any CPU
		{171CEFBA-8E11-4588-BAB4-33F7435B5B81}.Debug|Any CPU.ActiveCfg = Debug|Any CPU
		{171CEFBA-8E11-4588-BAB4-33F7435B5B81}.Debug|Any CPU.Build.0 = Debug|Any CPU
		{171CEFBA-8E11-4588-BAB4-33F7435B5B81}.Release|Any CPU.ActiveCfg = Release|Any CPU
		{171CEFBA-8E11-4588-BAB4-33F7435B5B81}.Release|Any CPU.Build.0 = Release|Any CPU
		{C1644BCB-A0C1-411C-B882-D708BF33ECA1}.Debug|Any CPU.ActiveCfg = Debug|Any CPU
		{C1644BCB-A0C1-411C-B882-D708BF33ECA1}.Debug|Any CPU.Build.0 = Debug|Any CPU
		{C1644BCB-A0C1-411C-B882-D708BF33ECA1}.Release|Any CPU.ActiveCfg = Release|Any CPU
		{C1644BCB-A0C1-411C-B882-D708BF33ECA1}.Release|Any CPU.Build.0 = Release|Any CPU
		{FD9CE9BC-1350-4D19-A9AC-FCFBFA1A9050}.Debug|Any CPU.ActiveCfg = Debug|Any CPU
		{FD9CE9BC-1350-4D19-A9AC-FCFBFA1A9050}.Debug|Any CPU.Build.0 = Debug|Any CPU
		{FD9CE9BC-1350-4D19-A9AC-FCFBFA1A9050}.Release|Any CPU.ActiveCfg = Release|Any CPU
		{FD9CE9BC-1350-4D19-A9AC-FCFBFA1A9050}.Release|Any CPU.Build.0 = Release|Any CPU
		{163F9AA2-8EF7-4A01-B58A-4FD07708C4C5}.Debug|Any CPU.ActiveCfg = Debug|Any CPU
		{163F9AA2-8EF7-4A01-B58A-4FD07708C4C5}.Debug|Any CPU.Build.0 = Debug|Any CPU
		{163F9AA2-8EF7-4A01-B58A-4FD07708C4C5}.Release|Any CPU.ActiveCfg = Release|Any CPU
		{163F9AA2-8EF7-4A01-B58A-4FD07708C4C5}.Release|Any CPU.Build.0 = Release|Any CPU
		{56B26DB5-1A98-43E5-835C-1F8541EEF383}.Debug|Any CPU.ActiveCfg = Debug|Any CPU
		{56B26DB5-1A98-43E5-835C-1F8541EEF383}.Debug|Any CPU.Build.0 = Debug|Any CPU
		{56B26DB5-1A98-43E5-835C-1F8541EEF383}.Release|Any CPU.ActiveCfg = Release|Any CPU
		{56B26DB5-1A98-43E5-835C-1F8541EEF383}.Release|Any CPU.Build.0 = Release|Any CPU
		{08169F0D-AB2F-4195-A37D-304844227327}.Debug|Any CPU.ActiveCfg = Debug|Any CPU
		{08169F0D-AB2F-4195-A37D-304844227327}.Debug|Any CPU.Build.0 = Debug|Any CPU
		{08169F0D-AB2F-4195-A37D-304844227327}.Release|Any CPU.ActiveCfg = Release|Any CPU
		{08169F0D-AB2F-4195-A37D-304844227327}.Release|Any CPU.Build.0 = Release|Any CPU
		{E24C46CA-17F2-4D2D-A3F6-6EEA3DFD95C1}.Debug|Any CPU.ActiveCfg = Debug|Any CPU
		{E24C46CA-17F2-4D2D-A3F6-6EEA3DFD95C1}.Debug|Any CPU.Build.0 = Debug|Any CPU
		{E24C46CA-17F2-4D2D-A3F6-6EEA3DFD95C1}.Release|Any CPU.ActiveCfg = Release|Any CPU
		{E24C46CA-17F2-4D2D-A3F6-6EEA3DFD95C1}.Release|Any CPU.Build.0 = Release|Any CPU
		{3C2748CF-0CB4-4162-AAB3-397135955DFF}.Debug|Any CPU.ActiveCfg = Debug|Any CPU
		{3C2748CF-0CB4-4162-AAB3-397135955DFF}.Debug|Any CPU.Build.0 = Debug|Any CPU
		{3C2748CF-0CB4-4162-AAB3-397135955DFF}.Release|Any CPU.ActiveCfg = Release|Any CPU
		{3C2748CF-0CB4-4162-AAB3-397135955DFF}.Release|Any CPU.Build.0 = Release|Any CPU
		{C7843393-4FC1-455C-8E2D-6E484FD2E26B}.Debug|Any CPU.ActiveCfg = Debug|Any CPU
		{C7843393-4FC1-455C-8E2D-6E484FD2E26B}.Debug|Any CPU.Build.0 = Debug|Any CPU
		{C7843393-4FC1-455C-8E2D-6E484FD2E26B}.Release|Any CPU.ActiveCfg = Release|Any CPU
		{C7843393-4FC1-455C-8E2D-6E484FD2E26B}.Release|Any CPU.Build.0 = Release|Any CPU
	EndGlobalSection
	GlobalSection(SolutionProperties) = preSolution
		HideSolutionNode = FALSE
	EndGlobalSection
	GlobalSection(NestedProjects) = preSolution
		{C522D1F9-4C6B-4A61-9030-72CCA5CBC722} = {A07CD9C0-B10A-435B-9CE7-CE7E616ED1F3}
		{4509E562-E65F-4733-9DF3-F10FD4F52E3F} = {286F2493-4888-497A-8182-CB4A4933D418}
		{9E24B912-9871-4171-BFB9-AF3934104D9A} = {296BB08C-B699-4368-AE56-06224B9C57DE}
		{171CEFBA-8E11-4588-BAB4-33F7435B5B81} = {9E24B912-9871-4171-BFB9-AF3934104D9A}
		{C66CF104-DAD0-4D90-8A4C-A8AC0FE9DB2C} = {1FCB5362-6489-463F-8A55-8AC9A86537CE}
		{C1644BCB-A0C1-411C-B882-D708BF33ECA1} = {C66CF104-DAD0-4D90-8A4C-A8AC0FE9DB2C}
		{FD9CE9BC-1350-4D19-A9AC-FCFBFA1A9050} = {C66CF104-DAD0-4D90-8A4C-A8AC0FE9DB2C}
		{163F9AA2-8EF7-4A01-B58A-4FD07708C4C5} = {A07CD9C0-B10A-435B-9CE7-CE7E616ED1F3}
		{56B26DB5-1A98-43E5-835C-1F8541EEF383} = {3168E397-0F0F-47BE-A3EE-E62BCF54DE8A}
		{08169F0D-AB2F-4195-A37D-304844227327} = {B8F02560-2D75-453D-B956-409E8B6B3ACC}
		{308A80C7-4D23-4011-9D28-A71ABDA1A7F1} = {B8F02560-2D75-453D-B956-409E8B6B3ACC}
		{7E90E735-D89C-4E12-9CA9-70E7D4B76FD3} = {308A80C7-4D23-4011-9D28-A71ABDA1A7F1}
		{E24C46CA-17F2-4D2D-A3F6-6EEA3DFD95C1} = {7E90E735-D89C-4E12-9CA9-70E7D4B76FD3}
		{3C2748CF-0CB4-4162-AAB3-397135955DFF} = {7E90E735-D89C-4E12-9CA9-70E7D4B76FD3}
		{5CCFA1A6-C89C-4505-821F-16CE8292885C} = {B8F02560-2D75-453D-B956-409E8B6B3ACC}
		{C7843393-4FC1-455C-8E2D-6E484FD2E26B} = {5CCFA1A6-C89C-4505-821F-16CE8292885C}
	EndGlobalSection
	GlobalSection(ExtensibilityGlobals) = postSolution
		SolutionGuid = {E57E3C08-71D3-47F1-9006-79D4EEE1EDF2}
	EndGlobalSection
EndGlobal
